
Microsoft Visual Studio Solution File, Format Version 12.00
# Visual Studio Version 17
VisualStudioVersion = 17.3.32825.248
MinimumVisualStudioVersion = 10.0.40219.1
Project("{FAE04EC0-301F-11D3-BF4B-00C04F79EFBC}") = "06.09_byMe", "06.09_byMe\06.09_byMe.csproj", "{A9C1B789-1B37-4B85-9FE1-A0FBC5D73FF7}"
EndProject
Global
	GlobalSection(SolutionConfigurationPlatforms) = preSolution
		Debug|Any CPU = Debug|Any CPU
		Release|Any CPU = Release|Any CPU
	EndGlobalSection
	GlobalSection(ProjectConfigurationPlatforms) = postSolution
		{A9C1B789-1B37-4B85-9FE1-A0FBC5D73FF7}.Debug|Any CPU.ActiveCfg = Debug|Any CPU
		{A9C1B789-1B37-4B85-9FE1-A0FBC5D73FF7}.Debug|Any CPU.Build.0 = Debug|Any CPU
		{A9C1B789-1B37-4B85-9FE1-A0FBC5D73FF7}.Release|Any CPU.ActiveCfg = Release|Any CPU
		{A9C1B789-1B37-4B85-9FE1-A0FBC5D73FF7}.Release|Any CPU.Build.0 = Release|Any CPU
	EndGlobalSection
	GlobalSection(SolutionProperties) = preSolution
		HideSolutionNode = FALSE
	EndGlobalSection
	GlobalSection(ExtensibilityGlobals) = postSolution
		SolutionGuid = {F1C910C6-CD1D-49A1-B0E3-60ABDD1BA31E}
	EndGlobalSection
EndGlobal
